
Microsoft Visual Studio Solution File, Format Version 12.00
Project("{FAE04EC0-301F-11D3-BF4B-00C04F79EFBC}") = "EmitLogTopic", "EmitLogTopic\EmitLogTopic.csproj", "{EBFE024A-D786-488D-8B0E-8DBCD286505D}"
EndProject
Project("{FAE04EC0-301F-11D3-BF4B-00C04F79EFBC}") = "ReceiveLogTopic", "ReceiveLogTopic\ReceiveLogTopic.csproj", "{CD8E5E1F-8C7F-4A1C-9C04-F2075EEFE643}"
EndProject
Global
	GlobalSection(SolutionConfigurationPlatforms) = preSolution
		Debug|Any CPU = Debug|Any CPU
		Release|Any CPU = Release|Any CPU
	EndGlobalSection
	GlobalSection(ProjectConfigurationPlatforms) = postSolution
		{EBFE024A-D786-488D-8B0E-8DBCD286505D}.Debug|Any CPU.ActiveCfg = Debug|Any CPU
		{EBFE024A-D786-488D-8B0E-8DBCD286505D}.Debug|Any CPU.Build.0 = Debug|Any CPU
		{EBFE024A-D786-488D-8B0E-8DBCD286505D}.Release|Any CPU.ActiveCfg = Release|Any CPU
		{EBFE024A-D786-488D-8B0E-8DBCD286505D}.Release|Any CPU.Build.0 = Release|Any CPU
		{CD8E5E1F-8C7F-4A1C-9C04-F2075EEFE643}.Debug|Any CPU.ActiveCfg = Debug|Any CPU
		{CD8E5E1F-8C7F-4A1C-9C04-F2075EEFE643}.Debug|Any CPU.Build.0 = Debug|Any CPU
		{CD8E5E1F-8C7F-4A1C-9C04-F2075EEFE643}.Release|Any CPU.ActiveCfg = Release|Any CPU
		{CD8E5E1F-8C7F-4A1C-9C04-F2075EEFE643}.Release|Any CPU.Build.0 = Release|Any CPU
	EndGlobalSection
EndGlobal
