
Microsoft Visual Studio Solution File, Format Version 12.00
Project("{FAE04EC0-301F-11D3-BF4B-00C04F79EFBC}") = "EmitLogDirect", "EmitLogDirect\EmitLogDirect.csproj", "{B53D8437-2D69-43FB-AEE3-9347448C4216}"
EndProject
Project("{FAE04EC0-301F-11D3-BF4B-00C04F79EFBC}") = "ReceiveLogsDirect", "ReceiveLogsDirect\ReceiveLogsDirect.csproj", "{0DA0696A-66EF-4660-B210-FA5DE7B83290}"
EndProject
Global
	GlobalSection(SolutionConfigurationPlatforms) = preSolution
		Debug|Any CPU = Debug|Any CPU
		Release|Any CPU = Release|Any CPU
	EndGlobalSection
	GlobalSection(ProjectConfigurationPlatforms) = postSolution
		{B53D8437-2D69-43FB-AEE3-9347448C4216}.Debug|Any CPU.ActiveCfg = Debug|Any CPU
		{B53D8437-2D69-43FB-AEE3-9347448C4216}.Debug|Any CPU.Build.0 = Debug|Any CPU
		{B53D8437-2D69-43FB-AEE3-9347448C4216}.Release|Any CPU.ActiveCfg = Release|Any CPU
		{B53D8437-2D69-43FB-AEE3-9347448C4216}.Release|Any CPU.Build.0 = Release|Any CPU
		{0DA0696A-66EF-4660-B210-FA5DE7B83290}.Debug|Any CPU.ActiveCfg = Debug|Any CPU
		{0DA0696A-66EF-4660-B210-FA5DE7B83290}.Debug|Any CPU.Build.0 = Debug|Any CPU
		{0DA0696A-66EF-4660-B210-FA5DE7B83290}.Release|Any CPU.ActiveCfg = Release|Any CPU
		{0DA0696A-66EF-4660-B210-FA5DE7B83290}.Release|Any CPU.Build.0 = Release|Any CPU
	EndGlobalSection
EndGlobal
